// !$*UTF8*$!
{
	archiveVersion = 1;
	classes = {
	};
	objectVersion = 52;
	objects = {

/* Begin PBXBuildFile section */
		6936F64C24A5F08D009D09EA /* AppDelegate.swift in Sources */ = {isa = PBXBuildFile; fileRef = 6936F64B24A5F08D009D09EA /* AppDelegate.swift */; };
		6936F64E24A5F08D009D09EA /* SceneDelegate.swift in Sources */ = {isa = PBXBuildFile; fileRef = 6936F64D24A5F08D009D09EA /* SceneDelegate.swift */; };
		6936F65024A5F08D009D09EA /* BleViewController.swift in Sources */ = {isa = PBXBuildFile; fileRef = 6936F64F24A5F08D009D09EA /* BleViewController.swift */; };
		6936F65324A5F08D009D09EA /* Main.storyboard in Resources */ = {isa = PBXBuildFile; fileRef = 6936F65124A5F08D009D09EA /* Main.storyboard */; };
		6936F65524A5F091009D09EA /* Assets.xcassets in Resources */ = {isa = PBXBuildFile; fileRef = 6936F65424A5F091009D09EA /* Assets.xcassets */; };
		6936F65824A5F091009D09EA /* LaunchScreen.storyboard in Resources */ = {isa = PBXBuildFile; fileRef = 6936F65624A5F091009D09EA /* LaunchScreen.storyboard */; };
		6936F66024A5F7A7009D09EA /* BleManager.swift in Sources */ = {isa = PBXBuildFile; fileRef = 6936F65F24A5F7A7009D09EA /* BleManager.swift */; };
		6936F66224A719FA009D09EA /* BleViewModel.swift in Sources */ = {isa = PBXBuildFile; fileRef = 6936F66124A719FA009D09EA /* BleViewModel.swift */; };
		6936F66724A72CA9009D09EA /* RxSwift in Frameworks */ = {isa = PBXBuildFile; productRef = 6936F66624A72CA9009D09EA /* RxSwift */; };
		6936F66B24A72CA9009D09EA /* RxRelay in Frameworks */ = {isa = PBXBuildFile; productRef = 6936F66A24A72CA9009D09EA /* RxRelay */; };
		6936F66D24A72CA9009D09EA /* RxCocoa in Frameworks */ = {isa = PBXBuildFile; productRef = 6936F66C24A72CA9009D09EA /* RxCocoa */; };
		6936F66F24A72CA9009D09EA /* RxBlocking in Frameworks */ = {isa = PBXBuildFile; productRef = 6936F66E24A72CA9009D09EA /* RxBlocking */; };
		699DEB6F24B04D6400523DB1 /* MBProgressHUD in Frameworks */ = {isa = PBXBuildFile; productRef = 699DEB6E24B04D6400523DB1 /* MBProgressHUD */; };
		699DEB7424B04DDC00523DB1 /* HudManager.swift in Sources */ = {isa = PBXBuildFile; fileRef = 699DEB7324B04DDC00523DB1 /* HudManager.swift */; };
/* End PBXBuildFile section */

/* Begin PBXFileReference section */
		6936F64824A5F08D009D09EA /* BleTest.app */ = {isa = PBXFileReference; explicitFileType = wrapper.application; includeInIndex = 0; path = BleTest.app; sourceTree = BUILT_PRODUCTS_DIR; };
		6936F64B24A5F08D009D09EA /* AppDelegate.swift */ = {isa = PBXFileReference; lastKnownFileType = sourcecode.swift; path = AppDelegate.swift; sourceTree = "<group>"; };
		6936F64D24A5F08D009D09EA /* SceneDelegate.swift */ = {isa = PBXFileReference; lastKnownFileType = sourcecode.swift; path = SceneDelegate.swift; sourceTree = "<group>"; };
		6936F64F24A5F08D009D09EA /* BleViewController.swift */ = {isa = PBXFileReference; lastKnownFileType = sourcecode.swift; path = BleViewController.swift; sourceTree = "<group>"; };
		6936F65224A5F08D009D09EA /* Base */ = {isa = PBXFileReference; lastKnownFileType = file.storyboard; name = Base; path = Base.lproj/Main.storyboard; sourceTree = "<group>"; };
		6936F65424A5F091009D09EA /* Assets.xcassets */ = {isa = PBXFileReference; lastKnownFileType = folder.assetcatalog; path = Assets.xcassets; sourceTree = "<group>"; };
		6936F65724A5F091009D09EA /* Base */ = {isa = PBXFileReference; lastKnownFileType = file.storyboard; name = Base; path = Base.lproj/LaunchScreen.storyboard; sourceTree = "<group>"; };
		6936F65924A5F091009D09EA /* Info.plist */ = {isa = PBXFileReference; lastKnownFileType = text.plist.xml; path = Info.plist; sourceTree = "<group>"; };
		6936F65F24A5F7A7009D09EA /* BleManager.swift */ = {isa = PBXFileReference; lastKnownFileType = sourcecode.swift; path = BleManager.swift; sourceTree = "<group>"; };
		6936F66124A719FA009D09EA /* BleViewModel.swift */ = {isa = PBXFileReference; lastKnownFileType = sourcecode.swift; path = BleViewModel.swift; sourceTree = "<group>"; };
		699DEB7324B04DDC00523DB1 /* HudManager.swift */ = {isa = PBXFileReference; lastKnownFileType = sourcecode.swift; path = HudManager.swift; sourceTree = "<group>"; };
/* End PBXFileReference section */

/* Begin PBXFrameworksBuildPhase section */
		6936F64524A5F08D009D09EA /* Frameworks */ = {
			isa = PBXFrameworksBuildPhase;
			buildActionMask = 2147483647;
			files = (
				6936F66B24A72CA9009D09EA /* RxRelay in Frameworks */,
				6936F66D24A72CA9009D09EA /* RxCocoa in Frameworks */,
				699DEB6F24B04D6400523DB1 /* MBProgressHUD in Frameworks */,
				6936F66724A72CA9009D09EA /* RxSwift in Frameworks */,
				6936F66F24A72CA9009D09EA /* RxBlocking in Frameworks */,
			);
			runOnlyForDeploymentPostprocessing = 0;
		};
/* End PBXFrameworksBuildPhase section */

/* Begin PBXGroup section */
		6936F63F24A5F08D009D09EA = {
			isa = PBXGroup;
			children = (
				6936F64A24A5F08D009D09EA /* BleTest */,
				6936F64924A5F08D009D09EA /* Products */,
			);
			sourceTree = "<group>";
		};
		6936F64924A5F08D009D09EA /* Products */ = {
			isa = PBXGroup;
			children = (
				6936F64824A5F08D009D09EA /* BleTest.app */,
			);
			name = Products;
			sourceTree = "<group>";
		};
		6936F64A24A5F08D009D09EA /* BleTest */ = {
			isa = PBXGroup;
			children = (
				699DEB7224B04DBA00523DB1 /* Manager */,
				699DEB7124B04DA000523DB1 /* ViewModel */,
				699DEB7024B04D8900523DB1 /* ViewController */,
				6936F64B24A5F08D009D09EA /* AppDelegate.swift */,
				6936F64D24A5F08D009D09EA /* SceneDelegate.swift */,
				6936F65124A5F08D009D09EA /* Main.storyboard */,
				6936F65424A5F091009D09EA /* Assets.xcassets */,
				6936F65624A5F091009D09EA /* LaunchScreen.storyboard */,
				6936F65924A5F091009D09EA /* Info.plist */,
			);
			path = BleTest;
			sourceTree = "<group>";
		};
		699DEB7024B04D8900523DB1 /* ViewController */ = {
			isa = PBXGroup;
			children = (
				6936F64F24A5F08D009D09EA /* BleViewController.swift */,
			);
			path = ViewController;
			sourceTree = "<group>";
		};
		699DEB7124B04DA000523DB1 /* ViewModel */ = {
			isa = PBXGroup;
			children = (
				6936F66124A719FA009D09EA /* BleViewModel.swift */,
			);
			path = ViewModel;
			sourceTree = "<group>";
		};
		699DEB7224B04DBA00523DB1 /* Manager */ = {
			isa = PBXGroup;
			children = (
				6936F65F24A5F7A7009D09EA /* BleManager.swift */,
				699DEB7324B04DDC00523DB1 /* HudManager.swift */,
			);
			path = Manager;
			sourceTree = "<group>";
		};
/* End PBXGroup section */

/* Begin PBXNativeTarget section */
		6936F64724A5F08D009D09EA /* BleTest */ = {
			isa = PBXNativeTarget;
			buildConfigurationList = 6936F65C24A5F091009D09EA /* Build configuration list for PBXNativeTarget "BleTest" */;
			buildPhases = (
				6936F64424A5F08D009D09EA /* Sources */,
				6936F64524A5F08D009D09EA /* Frameworks */,
				6936F64624A5F08D009D09EA /* Resources */,
			);
			buildRules = (
			);
			dependencies = (
			);
			name = BleTest;
			packageProductDependencies = (
				6936F66624A72CA9009D09EA /* RxSwift */,
				6936F66A24A72CA9009D09EA /* RxRelay */,
				6936F66C24A72CA9009D09EA /* RxCocoa */,
				6936F66E24A72CA9009D09EA /* RxBlocking */,
				699DEB6E24B04D6400523DB1 /* MBProgressHUD */,
			);
			productName = BleTest;
			productReference = 6936F64824A5F08D009D09EA /* BleTest.app */;
			productType = "com.apple.product-type.application";
		};
/* End PBXNativeTarget section */

/* Begin PBXProject section */
		6936F64024A5F08D009D09EA /* Project object */ = {
			isa = PBXProject;
			attributes = {
				LastSwiftUpdateCheck = 1150;
				LastUpgradeCheck = 1150;
				ORGANIZATIONNAME = Null;
				TargetAttributes = {
					6936F64724A5F08D009D09EA = {
						CreatedOnToolsVersion = 11.5;
					};
				};
			};
			buildConfigurationList = 6936F64324A5F08D009D09EA /* Build configuration list for PBXProject "BleTest" */;
			compatibilityVersion = "Xcode 9.3";
			developmentRegion = en;
			hasScannedForEncodings = 0;
			knownRegions = (
				en,
				Base,
			);
			mainGroup = 6936F63F24A5F08D009D09EA;
			packageReferences = (
				6936F66524A72CA9009D09EA /* XCRemoteSwiftPackageReference "RxSwift" */,
				699DEB6D24B04D6400523DB1 /* XCRemoteSwiftPackageReference "MBProgressHUD" */,
			);
			productRefGroup = 6936F64924A5F08D009D09EA /* Products */;
			projectDirPath = "";
			projectRoot = "";
			targets = (
				6936F64724A5F08D009D09EA /* BleTest */,
			);
		};
/* End PBXProject section */

/* Begin PBXResourcesBuildPhase section */
		6936F64624A5F08D009D09EA /* Resources */ = {
			isa = PBXResourcesBuildPhase;
			buildActionMask = 2147483647;
			files = (
				6936F65824A5F091009D09EA /* LaunchScreen.storyboard in Resources */,
				6936F65524A5F091009D09EA /* Assets.xcassets in Resources */,
				6936F65324A5F08D009D09EA /* Main.storyboard in Resources */,
			);
			runOnlyForDeploymentPostprocessing = 0;
		};
/* End PBXResourcesBuildPhase section */

/* Begin PBXSourcesBuildPhase section */
		6936F64424A5F08D009D09EA /* Sources */ = {
			isa = PBXSourcesBuildPhase;
			buildActionMask = 2147483647;
			files = (
				6936F65024A5F08D009D09EA /* BleViewController.swift in Sources */,
				6936F66224A719FA009D09EA /* BleViewModel.swift in Sources */,
				6936F66024A5F7A7009D09EA /* BleManager.swift in Sources */,
				699DEB7424B04DDC00523DB1 /* HudManager.swift in Sources */,
				6936F64C24A5F08D009D09EA /* AppDelegate.swift in Sources */,
				6936F64E24A5F08D009D09EA /* SceneDelegate.swift in Sources */,
			);
			runOnlyForDeploymentPostprocessing = 0;
		};
/* End PBXSourcesBuildPhase section */

/* Begin PBXVariantGroup section */
		6936F65124A5F08D009D09EA /* Main.storyboard */ = {
			isa = PBXVariantGroup;
			children = (
				6936F65224A5F08D009D09EA /* Base */,
			);
			name = Main.storyboard;
			sourceTree = "<group>";
		};
		6936F65624A5F091009D09EA /* LaunchScreen.storyboard */ = {
			isa = PBXVariantGroup;
			children = (
				6936F65724A5F091009D09EA /* Base */,
			);
			name = LaunchScreen.storyboard;
			sourceTree = "<group>";
		};
/* End PBXVariantGroup section */

/* Begin XCBuildConfiguration section */
		6936F65A24A5F091009D09EA /* Debug */ = {
			isa = XCBuildConfiguration;
			buildSettings = {
				ALWAYS_SEARCH_USER_PATHS = NO;
				CLANG_ANALYZER_NONNULL = YES;
				CLANG_ANALYZER_NUMBER_OBJECT_CONVERSION = YES_AGGRESSIVE;
				CLANG_CXX_LANGUAGE_STANDARD = "gnu++14";
				CLANG_CXX_LIBRARY = "libc++";
				CLANG_ENABLE_MODULES = YES;
				CLANG_ENABLE_OBJC_ARC = YES;
				CLANG_ENABLE_OBJC_WEAK = YES;
				CLANG_WARN_BLOCK_CAPTURE_AUTORELEASING = YES;
				CLANG_WARN_BOOL_CONVERSION = YES;
				CLANG_WARN_COMMA = YES;
				CLANG_WARN_CONSTANT_CONVERSION = YES;
				CLANG_WARN_DEPRECATED_OBJC_IMPLEMENTATIONS = YES;
				CLANG_WARN_DIRECT_OBJC_ISA_USAGE = YES_ERROR;
				CLANG_WARN_DOCUMENTATION_COMMENTS = YES;
				CLANG_WARN_EMPTY_BODY = YES;
				CLANG_WARN_ENUM_CONVERSION = YES;
				CLANG_WARN_INFINITE_RECURSION = YES;
				CLANG_WARN_INT_CONVERSION = YES;
				CLANG_WARN_NON_LITERAL_NULL_CONVERSION = YES;
				CLANG_WARN_OBJC_IMPLICIT_RETAIN_SELF = YES;
				CLANG_WARN_OBJC_LITERAL_CONVERSION = YES;
				CLANG_WARN_OBJC_ROOT_CLASS = YES_ERROR;
				CLANG_WARN_RANGE_LOOP_ANALYSIS = YES;
				CLANG_WARN_STRICT_PROTOTYPES = YES;
				CLANG_WARN_SUSPICIOUS_MOVE = YES;
				CLANG_WARN_UNGUARDED_AVAILABILITY = YES_AGGRESSIVE;
				CLANG_WARN_UNREACHABLE_CODE = YES;
				CLANG_WARN__DUPLICATE_METHOD_MATCH = YES;
				COPY_PHASE_STRIP = NO;
				DEBUG_INFORMATION_FORMAT = dwarf;
				ENABLE_STRICT_OBJC_MSGSEND = YES;
				ENABLE_TESTABILITY = YES;
				ENABLE_TESTING_SEARCH_PATHS = NO;
				GCC_C_LANGUAGE_STANDARD = gnu11;
				GCC_DYNAMIC_NO_PIC = NO;
				GCC_NO_COMMON_BLOCKS = YES;
				GCC_OPTIMIZATION_LEVEL = 0;
				GCC_PREPROCESSOR_DEFINITIONS = (
					"DEBUG=1",
					"$(inherited)",
				);
				GCC_WARN_64_TO_32_BIT_CONVERSION = YES;
				GCC_WARN_ABOUT_RETURN_TYPE = YES_ERROR;
				GCC_WARN_UNDECLARED_SELECTOR = YES;
				GCC_WARN_UNINITIALIZED_AUTOS = YES_AGGRESSIVE;
				GCC_WARN_UNUSED_FUNCTION = YES;
				GCC_WARN_UNUSED_VARIABLE = YES;
				IPHONEOS_DEPLOYMENT_TARGET = 13.5;
				MTL_ENABLE_DEBUG_INFO = INCLUDE_SOURCE;
				MTL_FAST_MATH = YES;
				ONLY_ACTIVE_ARCH = YES;
				SDKROOT = iphoneos;
				SWIFT_ACTIVE_COMPILATION_CONDITIONS = DEBUG;
				SWIFT_OPTIMIZATION_LEVEL = "-Onone";
			};
			name = Debug;
		};
		6936F65B24A5F091009D09EA /* Release */ = {
			isa = XCBuildConfiguration;
			buildSettings = {
				ALWAYS_SEARCH_USER_PATHS = NO;
				CLANG_ANALYZER_NONNULL = YES;
				CLANG_ANALYZER_NUMBER_OBJECT_CONVERSION = YES_AGGRESSIVE;
				CLANG_CXX_LANGUAGE_STANDARD = "gnu++14";
				CLANG_CXX_LIBRARY = "libc++";
				CLANG_ENABLE_MODULES = YES;
				CLANG_ENABLE_OBJC_ARC = YES;
				CLANG_ENABLE_OBJC_WEAK = YES;
				CLANG_WARN_BLOCK_CAPTURE_AUTORELEASING = YES;
				CLANG_WARN_BOOL_CONVERSION = YES;
				CLANG_WARN_COMMA = YES;
				CLANG_WARN_CONSTANT_CONVERSION = YES;
				CLANG_WARN_DEPRECATED_OBJC_IMPLEMENTATIONS = YES;
				CLANG_WARN_DIRECT_OBJC_ISA_USAGE = YES_ERROR;
				CLANG_WARN_DOCUMENTATION_COMMENTS = YES;
				CLANG_WARN_EMPTY_BODY = YES;
				CLANG_WARN_ENUM_CONVERSION = YES;
				CLANG_WARN_INFINITE_RECURSION = YES;
				CLANG_WARN_INT_CONVERSION = YES;
				CLANG_WARN_NON_LITERAL_NULL_CONVERSION = YES;
				CLANG_WARN_OBJC_IMPLICIT_RETAIN_SELF = YES;
				CLANG_WARN_OBJC_LITERAL_CONVERSION = YES;
				CLANG_WARN_OBJC_ROOT_CLASS = YES_ERROR;
				CLANG_WARN_RANGE_LOOP_ANALYSIS = YES;
				CLANG_WARN_STRICT_PROTOTYPES = YES;
				CLANG_WARN_SUSPICIOUS_MOVE = YES;
				CLANG_WARN_UNGUARDED_AVAILABILITY = YES_AGGRESSIVE;
				CLANG_WARN_UNREACHABLE_CODE = YES;
				CLANG_WARN__DUPLICATE_METHOD_MATCH = YES;
				COPY_PHASE_STRIP = NO;
				DEBUG_INFORMATION_FORMAT = "dwarf-with-dsym";
				ENABLE_NS_ASSERTIONS = NO;
				ENABLE_STRICT_OBJC_MSGSEND = YES;
				ENABLE_TESTING_SEARCH_PATHS = NO;
				GCC_C_LANGUAGE_STANDARD = gnu11;
				GCC_NO_COMMON_BLOCKS = YES;
				GCC_WARN_64_TO_32_BIT_CONVERSION = YES;
				GCC_WARN_ABOUT_RETURN_TYPE = YES_ERROR;
				GCC_WARN_UNDECLARED_SELECTOR = YES;
				GCC_WARN_UNINITIALIZED_AUTOS = YES_AGGRESSIVE;
				GCC_WARN_UNUSED_FUNCTION = YES;
				GCC_WARN_UNUSED_VARIABLE = YES;
				IPHONEOS_DEPLOYMENT_TARGET = 13.5;
				MTL_ENABLE_DEBUG_INFO = NO;
				MTL_FAST_MATH = YES;
				SDKROOT = iphoneos;
				SWIFT_COMPILATION_MODE = wholemodule;
				SWIFT_OPTIMIZATION_LEVEL = "-O";
				VALIDATE_PRODUCT = YES;
			};
			name = Release;
		};
		6936F65D24A5F091009D09EA /* Debug */ = {
			isa = XCBuildConfiguration;
			buildSettings = {
				ASSETCATALOG_COMPILER_APPICON_NAME = AppIcon;
				CODE_SIGN_STYLE = Automatic;
				DEVELOPMENT_TEAM = KH3PA94KG7;
				ENABLE_TESTING_SEARCH_PATHS = NO;
				INFOPLIST_FILE = BleTest/Info.plist;
				LD_RUNPATH_SEARCH_PATHS = (
					"$(inherited)",
					"@executable_path/Frameworks",
				);
				MARKETING_VERSION = 1.0.2;
				PRODUCT_BUNDLE_IDENTIFIER = Rat.BleTest;
				PRODUCT_NAME = "$(TARGET_NAME)";
				SWIFT_VERSION = 5.0;
				TARGETED_DEVICE_FAMILY = "1,2";
			};
			name = Debug;
		};
		6936F65E24A5F091009D09EA /* Release */ = {
			isa = XCBuildConfiguration;
			buildSettings = {
				ASSETCATALOG_COMPILER_APPICON_NAME = AppIcon;
				CODE_SIGN_STYLE = Automatic;
				DEVELOPMENT_TEAM = KH3PA94KG7;
				ENABLE_TESTING_SEARCH_PATHS = NO;
				INFOPLIST_FILE = BleTest/Info.plist;
				LD_RUNPATH_SEARCH_PATHS = (
					"$(inherited)",
					"@executable_path/Frameworks",
				);
				MARKETING_VERSION = 1.0.2;
				PRODUCT_BUNDLE_IDENTIFIER = Rat.BleTest;
				PRODUCT_NAME = "$(TARGET_NAME)";
				SWIFT_VERSION = 5.0;
				TARGETED_DEVICE_FAMILY = "1,2";
			};
			name = Release;
		};
/* End XCBuildConfiguration section */

/* Begin XCConfigurationList section */
		6936F64324A5F08D009D09EA /* Build configuration list for PBXProject "BleTest" */ = {
			isa = XCConfigurationList;
			buildConfigurations = (
				6936F65A24A5F091009D09EA /* Debug */,
				6936F65B24A5F091009D09EA /* Release */,
			);
			defaultConfigurationIsVisible = 0;
			defaultConfigurationName = Release;
		};
		6936F65C24A5F091009D09EA /* Build configuration list for PBXNativeTarget "BleTest" */ = {
			isa = XCConfigurationList;
			buildConfigurations = (
				6936F65D24A5F091009D09EA /* Debug */,
				6936F65E24A5F091009D09EA /* Release */,
			);
			defaultConfigurationIsVisible = 0;
			defaultConfigurationName = Release;
		};
/* End XCConfigurationList section */

/* Begin XCRemoteSwiftPackageReference section */
		6936F66524A72CA9009D09EA /* XCRemoteSwiftPackageReference "RxSwift" */ = {
			isa = XCRemoteSwiftPackageReference;
			repositoryURL = "https://github.com/ReactiveX/RxSwift";
			requirement = {
				kind = upToNextMinorVersion;
				minimumVersion = 5.1.1;
			};
		};
		699DEB6D24B04D6400523DB1 /* XCRemoteSwiftPackageReference "MBProgressHUD" */ = {
			isa = XCRemoteSwiftPackageReference;
			repositoryURL = "https://github.com/jdg/MBProgressHUD";
			requirement = {
				kind = upToNextMajorVersion;
				minimumVersion = 1.2.0;
			};
		};
/* End XCRemoteSwiftPackageReference section */

/* Begin XCSwiftPackageProductDependency section */
		6936F66624A72CA9009D09EA /* RxSwift */ = {
			isa = XCSwiftPackageProductDependency;
			package = 6936F66524A72CA9009D09EA /* XCRemoteSwiftPackageReference "RxSwift" */;
			productName = RxSwift;
		};
		6936F66A24A72CA9009D09EA /* RxRelay */ = {
			isa = XCSwiftPackageProductDependency;
			package = 6936F66524A72CA9009D09EA /* XCRemoteSwiftPackageReference "RxSwift" */;
			productName = RxRelay;
		};
		6936F66C24A72CA9009D09EA /* RxCocoa */ = {
			isa = XCSwiftPackageProductDependency;
			package = 6936F66524A72CA9009D09EA /* XCRemoteSwiftPackageReference "RxSwift" */;
			productName = RxCocoa;
		};
		6936F66E24A72CA9009D09EA /* RxBlocking */ = {
			isa = XCSwiftPackageProductDependency;
			package = 6936F66524A72CA9009D09EA /* XCRemoteSwiftPackageReference "RxSwift" */;
			productName = RxBlocking;
		};
		699DEB6E24B04D6400523DB1 /* MBProgressHUD */ = {
			isa = XCSwiftPackageProductDependency;
			package = 699DEB6D24B04D6400523DB1 /* XCRemoteSwiftPackageReference "MBProgressHUD" */;
			productName = MBProgressHUD;
		};
/* End XCSwiftPackageProductDependency section */
	};
	rootObject = 6936F64024A5F08D009D09EA /* Project object */;
}
